{
  "name": "sweetalert2-polymer",
  "version": "1.0.0",
  "lockfileVersion": 1,
  "dependencies": {
    "@polymer/polymer": {
      "version": "2.0.2",
      "resolved": "https://registry.npmjs.org/@polymer/polymer/-/polymer-2.0.2.tgz",
      "integrity": "sha512-Lp4o2hxNVCNuD3AboyvnBx6WHVav2rHykQS0WejOHp61+fl/5ls6Gjvtp+ng1DbDrix398sDaWhBe/oNcokDmQ=="
    },
    "sweetalert2": {
      "version": "6.6.8",
      "resolved": "https://registry.npmjs.org/sweetalert2/-/sweetalert2-6.6.8.tgz",
      "integrity": "sha512-bbSi1JhvYPD0Si3u8f+JTAKAhsVtqes2h06/9R/xMdMiVQrbteWsQWI9K7cOLM2g9RqXNINiuE4h2cVfEyGCIg=="
    }
  }
}
